
Microsoft Visual Studio Solution File, Format Version 12.00
# Visual Studio Version 17
VisualStudioVersion = 17.4.33122.133
MinimumVisualStudioVersion = 10.0.40219.1
Project("{FAE04EC0-301F-11D3-BF4B-00C04F79EFBC}") = "InventoryMap", "InventoryMap\InventoryMap.csproj", "{F32B222A-33D7-4379-A2CE-E0B8C00E417B}"
EndProject
Project("{FAE04EC0-301F-11D3-BF4B-00C04F79EFBC}") = "BusinessRef", "BusinessRef\BusinessRef.csproj", "{6147D2C3-F62D-430F-83DF-FC558488DBFE}"
EndProject
Project("{FAE04EC0-301F-11D3-BF4B-00C04F79EFBC}") = "BusinessLogic", "BusinessLogic\BusinessLogic.csproj", "{96B6B168-1E70-466C-BFCB-9A6E8B3B45A2}"
EndProject
Project("{FAE04EC0-301F-11D3-BF4B-00C04F79EFBC}") = "DataAccess", "DataAccess\DataAccess.csproj", "{1F76953D-0075-45B7-959E-61FA861AB0B1}"
EndProject
Global
	GlobalSection(SolutionConfigurationPlatforms) = preSolution
		Debug|Any CPU = Debug|Any CPU
		Release|Any CPU = Release|Any CPU
	EndGlobalSection
	GlobalSection(ProjectConfigurationPlatforms) = postSolution
		{F32B222A-33D7-4379-A2CE-E0B8C00E417B}.Debug|Any CPU.ActiveCfg = Debug|Any CPU
		{F32B222A-33D7-4379-A2CE-E0B8C00E417B}.Debug|Any CPU.Build.0 = Debug|Any CPU
		{F32B222A-33D7-4379-A2CE-E0B8C00E417B}.Release|Any CPU.ActiveCfg = Release|Any CPU
		{F32B222A-33D7-4379-A2CE-E0B8C00E417B}.Release|Any CPU.Build.0 = Release|Any CPU
		{6147D2C3-F62D-430F-83DF-FC558488DBFE}.Debug|Any CPU.ActiveCfg = Debug|Any CPU
		{6147D2C3-F62D-430F-83DF-FC558488DBFE}.Debug|Any CPU.Build.0 = Debug|Any CPU
		{6147D2C3-F62D-430F-83DF-FC558488DBFE}.Release|Any CPU.ActiveCfg = Release|Any CPU
		{6147D2C3-F62D-430F-83DF-FC558488DBFE}.Release|Any CPU.Build.0 = Release|Any CPU
		{96B6B168-1E70-466C-BFCB-9A6E8B3B45A2}.Debug|Any CPU.ActiveCfg = Debug|Any CPU
		{96B6B168-1E70-466C-BFCB-9A6E8B3B45A2}.Debug|Any CPU.Build.0 = Debug|Any CPU
		{96B6B168-1E70-466C-BFCB-9A6E8B3B45A2}.Release|Any CPU.ActiveCfg = Release|Any CPU
		{96B6B168-1E70-466C-BFCB-9A6E8B3B45A2}.Release|Any CPU.Build.0 = Release|Any CPU
		{1F76953D-0075-45B7-959E-61FA861AB0B1}.Debug|Any CPU.ActiveCfg = Debug|Any CPU
		{1F76953D-0075-45B7-959E-61FA861AB0B1}.Debug|Any CPU.Build.0 = Debug|Any CPU
		{1F76953D-0075-45B7-959E-61FA861AB0B1}.Release|Any CPU.ActiveCfg = Release|Any CPU
		{1F76953D-0075-45B7-959E-61FA861AB0B1}.Release|Any CPU.Build.0 = Release|Any CPU
	EndGlobalSection
	GlobalSection(SolutionProperties) = preSolution
		HideSolutionNode = FALSE
	EndGlobalSection
	GlobalSection(ExtensibilityGlobals) = postSolution
		SolutionGuid = {BB72B484-0E32-4BEF-96B1-7DBB23CBA472}
	EndGlobalSection
EndGlobal
